// !$*UTF8*$!
{
	archiveVersion = 1;
	classes = {
	};
	objectVersion = 50;
	objects = {

/* Begin PBXBuildFile section */
		1879F45121478CC500024EB1 /* sessionSignal.m in Sources */ = {isa = PBXBuildFile; fileRef = 1879F45021478CC500024EB1 /* sessionSignal.m */; };
		18B4355F21476B2F006E1DB0 /* AppDelegate.m in Sources */ = {isa = PBXBuildFile; fileRef = 18B4355E21476B2F006E1DB0 /* AppDelegate.m */; };
		18B4356221476B2F006E1DB0 /* ViewController.m in Sources */ = {isa = PBXBuildFile; fileRef = 18B4356121476B2F006E1DB0 /* ViewController.m */; };
		18B4356521476B2F006E1DB0 /* Main.storyboard in Resources */ = {isa = PBXBuildFile; fileRef = 18B4356321476B2F006E1DB0 /* Main.storyboard */; };
		18B4356721476B36006E1DB0 /* Assets.xcassets in Resources */ = {isa = PBXBuildFile; fileRef = 18B4356621476B36006E1DB0 /* Assets.xcassets */; };
		18B4356A21476B36006E1DB0 /* LaunchScreen.storyboard in Resources */ = {isa = PBXBuildFile; fileRef = 18B4356821476B36006E1DB0 /* LaunchScreen.storyboard */; };
		18B4356D21476B36006E1DB0 /* main.m in Sources */ = {isa = PBXBuildFile; fileRef = 18B4356C21476B36006E1DB0 /* main.m */; };
		18B4357721476B36006E1DB0 /* __original_BTTests.m in Sources */ = {isa = PBXBuildFile; fileRef = 18B4357621476B36006E1DB0 /* __original_BTTests.m */; };
		18B4358221476B36006E1DB0 /* __original_BTUITests.m in Sources */ = {isa = PBXBuildFile; fileRef = 18B4358121476B36006E1DB0 /* __original_BTUITests.m */; };
		B87A8A9205BC00338C91DB55 /* libPods-2-original-BT.a in Frameworks */ = {isa = PBXBuildFile; fileRef = 98CE7E59A3C963A34B3B0CFC /* libPods-2-original-BT.a */; };
/* End PBXBuildFile section */

/* Begin PBXContainerItemProxy section */
		18B4357321476B36006E1DB0 /* PBXContainerItemProxy */ = {
			isa = PBXContainerItemProxy;
			containerPortal = 18B4355221476B2F006E1DB0 /* Project object */;
			proxyType = 1;
			remoteGlobalIDString = 18B4355921476B2F006E1DB0;
			remoteInfo = "2-original-BT";
		};
		18B4357E21476B36006E1DB0 /* PBXContainerItemProxy */ = {
			isa = PBXContainerItemProxy;
			containerPortal = 18B4355221476B2F006E1DB0 /* Project object */;
			proxyType = 1;
			remoteGlobalIDString = 18B4355921476B2F006E1DB0;
			remoteInfo = "2-original-BT";
		};
/* End PBXContainerItemProxy section */

/* Begin PBXFileReference section */
		1879F44F21478CC500024EB1 /* sessionSignal.h */ = {isa = PBXFileReference; fileEncoding = 4; lastKnownFileType = sourcecode.c.h; path = sessionSignal.h; sourceTree = "<group>"; };
		1879F45021478CC500024EB1 /* sessionSignal.m */ = {isa = PBXFileReference; fileEncoding = 4; lastKnownFileType = sourcecode.c.objc; path = sessionSignal.m; sourceTree = "<group>"; };
		1879F45221478DA200024EB1 /* PrefixHeader.pch */ = {isa = PBXFileReference; lastKnownFileType = sourcecode.c.h; path = PrefixHeader.pch; sourceTree = "<group>"; };
		18B4355A21476B2F006E1DB0 /* 2-original-BT.app */ = {isa = PBXFileReference; explicitFileType = wrapper.application; includeInIndex = 0; path = "2-original-BT.app"; sourceTree = BUILT_PRODUCTS_DIR; };
		18B4355D21476B2F006E1DB0 /* AppDelegate.h */ = {isa = PBXFileReference; lastKnownFileType = sourcecode.c.h; path = AppDelegate.h; sourceTree = "<group>"; };
		18B4355E21476B2F006E1DB0 /* AppDelegate.m */ = {isa = PBXFileReference; lastKnownFileType = sourcecode.c.objc; path = AppDelegate.m; sourceTree = "<group>"; };
		18B4356021476B2F006E1DB0 /* ViewController.h */ = {isa = PBXFileReference; lastKnownFileType = sourcecode.c.h; path = ViewController.h; sourceTree = "<group>"; };
		18B4356121476B2F006E1DB0 /* ViewController.m */ = {isa = PBXFileReference; lastKnownFileType = sourcecode.c.objc; path = ViewController.m; sourceTree = "<group>"; };
		18B4356421476B2F006E1DB0 /* Base */ = {isa = PBXFileReference; lastKnownFileType = file.storyboard; name = Base; path = Base.lproj/Main.storyboard; sourceTree = "<group>"; };
		18B4356621476B36006E1DB0 /* Assets.xcassets */ = {isa = PBXFileReference; lastKnownFileType = folder.assetcatalog; path = Assets.xcassets; sourceTree = "<group>"; };
		18B4356921476B36006E1DB0 /* Base */ = {isa = PBXFileReference; lastKnownFileType = file.storyboard; name = Base; path = Base.lproj/LaunchScreen.storyboard; sourceTree = "<group>"; };
		18B4356B21476B36006E1DB0 /* Info.plist */ = {isa = PBXFileReference; lastKnownFileType = text.plist.xml; path = Info.plist; sourceTree = "<group>"; };
		18B4356C21476B36006E1DB0 /* main.m */ = {isa = PBXFileReference; lastKnownFileType = sourcecode.c.objc; path = main.m; sourceTree = "<group>"; };
		18B4357221476B36006E1DB0 /* 2-original-BTTests.xctest */ = {isa = PBXFileReference; explicitFileType = wrapper.cfbundle; includeInIndex = 0; path = "2-original-BTTests.xctest"; sourceTree = BUILT_PRODUCTS_DIR; };
		18B4357621476B36006E1DB0 /* __original_BTTests.m */ = {isa = PBXFileReference; lastKnownFileType = sourcecode.c.objc; path = __original_BTTests.m; sourceTree = "<group>"; };
		18B4357821476B36006E1DB0 /* Info.plist */ = {isa = PBXFileReference; lastKnownFileType = text.plist.xml; path = Info.plist; sourceTree = "<group>"; };
		18B4357D21476B36006E1DB0 /* 2-original-BTUITests.xctest */ = {isa = PBXFileReference; explicitFileType = wrapper.cfbundle; includeInIndex = 0; path = "2-original-BTUITests.xctest"; sourceTree = BUILT_PRODUCTS_DIR; };
		18B4358121476B36006E1DB0 /* __original_BTUITests.m */ = {isa = PBXFileReference; lastKnownFileType = sourcecode.c.objc; path = __original_BTUITests.m; sourceTree = "<group>"; };
		18B4358321476B36006E1DB0 /* Info.plist */ = {isa = PBXFileReference; lastKnownFileType = text.plist.xml; path = Info.plist; sourceTree = "<group>"; };
		2E9144C44C14EFD35F23ABDC /* Pods-2-original-BT.release.xcconfig */ = {isa = PBXFileReference; includeInIndex = 1; lastKnownFileType = text.xcconfig; name = "Pods-2-original-BT.release.xcconfig"; path = "Pods/Target Support Files/Pods-2-original-BT/Pods-2-original-BT.release.xcconfig"; sourceTree = "<group>"; };
		98CE7E59A3C963A34B3B0CFC /* libPods-2-original-BT.a */ = {isa = PBXFileReference; explicitFileType = archive.ar; includeInIndex = 0; path = "libPods-2-original-BT.a"; sourceTree = BUILT_PRODUCTS_DIR; };
		E5FEA5E8F821A452C2FC6566 /* Pods-2-original-BT.debug.xcconfig */ = {isa = PBXFileReference; includeInIndex = 1; lastKnownFileType = text.xcconfig; name = "Pods-2-original-BT.debug.xcconfig"; path = "Pods/Target Support Files/Pods-2-original-BT/Pods-2-original-BT.debug.xcconfig"; sourceTree = "<group>"; };
/* End PBXFileReference section */

/* Begin PBXFrameworksBuildPhase section */
		18B4355721476B2F006E1DB0 /* Frameworks */ = {
			isa = PBXFrameworksBuildPhase;
			buildActionMask = 2147483647;
			files = (
				B87A8A9205BC00338C91DB55 /* libPods-2-original-BT.a in Frameworks */,
			);
			runOnlyForDeploymentPostprocessing = 0;
		};
		18B4356F21476B36006E1DB0 /* Frameworks */ = {
			isa = PBXFrameworksBuildPhase;
			buildActionMask = 2147483647;
			files = (
			);
			runOnlyForDeploymentPostprocessing = 0;
		};
		18B4357A21476B36006E1DB0 /* Frameworks */ = {
			isa = PBXFrameworksBuildPhase;
			buildActionMask = 2147483647;
			files = (
			);
			runOnlyForDeploymentPostprocessing = 0;
		};
/* End PBXFrameworksBuildPhase section */

/* Begin PBXGroup section */
		05C91D032F178CD95DF58645 /* Pods */ = {
			isa = PBXGroup;
			children = (
				E5FEA5E8F821A452C2FC6566 /* Pods-2-original-BT.debug.xcconfig */,
				2E9144C44C14EFD35F23ABDC /* Pods-2-original-BT.release.xcconfig */,
			);
			name = Pods;
			sourceTree = "<group>";
		};
		18B4355121476B2F006E1DB0 = {
			isa = PBXGroup;
			children = (
				18B4355C21476B2F006E1DB0 /* 2-original-BT */,
				18B4357521476B36006E1DB0 /* 2-original-BTTests */,
				18B4358021476B36006E1DB0 /* 2-original-BTUITests */,
				18B4355B21476B2F006E1DB0 /* Products */,
				05C91D032F178CD95DF58645 /* Pods */,
				B035B1F1D4B0EBD702577075 /* Frameworks */,
			);
			sourceTree = "<group>";
		};
		18B4355B21476B2F006E1DB0 /* Products */ = {
			isa = PBXGroup;
			children = (
				18B4355A21476B2F006E1DB0 /* 2-original-BT.app */,
				18B4357221476B36006E1DB0 /* 2-original-BTTests.xctest */,
				18B4357D21476B36006E1DB0 /* 2-original-BTUITests.xctest */,
			);
			name = Products;
			sourceTree = "<group>";
		};
		18B4355C21476B2F006E1DB0 /* 2-original-BT */ = {
			isa = PBXGroup;
			children = (
				18B4355D21476B2F006E1DB0 /* AppDelegate.h */,
				18B4355E21476B2F006E1DB0 /* AppDelegate.m */,
				1879F44F21478CC500024EB1 /* sessionSignal.h */,
				1879F45221478DA200024EB1 /* PrefixHeader.pch */,
				1879F45021478CC500024EB1 /* sessionSignal.m */,
				18B4356021476B2F006E1DB0 /* ViewController.h */,
				18B4356121476B2F006E1DB0 /* ViewController.m */,
				18B4356321476B2F006E1DB0 /* Main.storyboard */,
				18B4356621476B36006E1DB0 /* Assets.xcassets */,
				18B4356821476B36006E1DB0 /* LaunchScreen.storyboard */,
				18B4356B21476B36006E1DB0 /* Info.plist */,
				18B4356C21476B36006E1DB0 /* main.m */,
			);
			path = "2-original-BT";
			sourceTree = "<group>";
		};
		18B4357521476B36006E1DB0 /* 2-original-BTTests */ = {
			isa = PBXGroup;
			children = (
				18B4357621476B36006E1DB0 /* __original_BTTests.m */,
				18B4357821476B36006E1DB0 /* Info.plist */,
			);
			path = "2-original-BTTests";
			sourceTree = "<group>";
		};
		18B4358021476B36006E1DB0 /* 2-original-BTUITests */ = {
			isa = PBXGroup;
			children = (
				18B4358121476B36006E1DB0 /* __original_BTUITests.m */,
				18B4358321476B36006E1DB0 /* Info.plist */,
			);
			path = "2-original-BTUITests";
			sourceTree = "<group>";
		};
		B035B1F1D4B0EBD702577075 /* Frameworks */ = {
			isa = PBXGroup;
			children = (
				98CE7E59A3C963A34B3B0CFC /* libPods-2-original-BT.a */,
			);
			name = Frameworks;
			sourceTree = "<group>";
		};
/* End PBXGroup section */

/* Begin PBXNativeTarget section */
		18B4355921476B2F006E1DB0 /* 2-original-BT */ = {
			isa = PBXNativeTarget;
			buildConfigurationList = 18B4358621476B36006E1DB0 /* Build configuration list for PBXNativeTarget "2-original-BT" */;
			buildPhases = (
				408EE4F08F35542842E37886 /* [CP] Check Pods Manifest.lock */,
				18B4355621476B2F006E1DB0 /* Sources */,
				18B4355721476B2F006E1DB0 /* Frameworks */,
				18B4355821476B2F006E1DB0 /* Resources */,
				05405FF8634E4476FBAC7D8B /* [CP] Copy Pods Resources */,
			);
			buildRules = (
			);
			dependencies = (
			);
			name = "2-original-BT";
			productName = "2-original-BT";
			productReference = 18B4355A21476B2F006E1DB0 /* 2-original-BT.app */;
			productType = "com.apple.product-type.application";
		};
		18B4357121476B36006E1DB0 /* 2-original-BTTests */ = {
			isa = PBXNativeTarget;
			buildConfigurationList = 18B4358921476B36006E1DB0 /* Build configuration list for PBXNativeTarget "2-original-BTTests" */;
			buildPhases = (
				18B4356E21476B36006E1DB0 /* Sources */,
				18B4356F21476B36006E1DB0 /* Frameworks */,
				18B4357021476B36006E1DB0 /* Resources */,
			);
			buildRules = (
			);
			dependencies = (
				18B4357421476B36006E1DB0 /* PBXTargetDependency */,
			);
			name = "2-original-BTTests";
			productName = "2-original-BTTests";
			productReference = 18B4357221476B36006E1DB0 /* 2-original-BTTests.xctest */;
			productType = "com.apple.product-type.bundle.unit-test";
		};
		18B4357C21476B36006E1DB0 /* 2-original-BTUITests */ = {
			isa = PBXNativeTarget;
			buildConfigurationList = 18B4358C21476B36006E1DB0 /* Build configuration list for PBXNativeTarget "2-original-BTUITests" */;
			buildPhases = (
				18B4357921476B36006E1DB0 /* Sources */,
				18B4357A21476B36006E1DB0 /* Frameworks */,
				18B4357B21476B36006E1DB0 /* Resources */,
			);
			buildRules = (
			);
			dependencies = (
				18B4357F21476B36006E1DB0 /* PBXTargetDependency */,
			);
			name = "2-original-BTUITests";
			productName = "2-original-BTUITests";
			productReference = 18B4357D21476B36006E1DB0 /* 2-original-BTUITests.xctest */;
			productType = "com.apple.product-type.bundle.ui-testing";
		};
/* End PBXNativeTarget section */

/* Begin PBXProject section */
		18B4355221476B2F006E1DB0 /* Project object */ = {
			isa = PBXProject;
			attributes = {
				LastUpgradeCheck = 0940;
				ORGANIZATIONNAME = apple;
				TargetAttributes = {
					18B4355921476B2F006E1DB0 = {
						CreatedOnToolsVersion = 9.4.1;
					};
					18B4357121476B36006E1DB0 = {
						CreatedOnToolsVersion = 9.4.1;
						TestTargetID = 18B4355921476B2F006E1DB0;
					};
					18B4357C21476B36006E1DB0 = {
						CreatedOnToolsVersion = 9.4.1;
						TestTargetID = 18B4355921476B2F006E1DB0;
					};
				};
			};
			buildConfigurationList = 18B4355521476B2F006E1DB0 /* Build configuration list for PBXProject "2-original-BT" */;
			compatibilityVersion = "Xcode 9.3";
			developmentRegion = en;
			hasScannedForEncodings = 0;
			knownRegions = (
				en,
				Base,
			);
			mainGroup = 18B4355121476B2F006E1DB0;
			productRefGroup = 18B4355B21476B2F006E1DB0 /* Products */;
			projectDirPath = "";
			projectRoot = "";
			targets = (
				18B4355921476B2F006E1DB0 /* 2-original-BT */,
				18B4357121476B36006E1DB0 /* 2-original-BTTests */,
				18B4357C21476B36006E1DB0 /* 2-original-BTUITests */,
			);
		};
/* End PBXProject section */

/* Begin PBXResourcesBuildPhase section */
		18B4355821476B2F006E1DB0 /* Resources */ = {
			isa = PBXResourcesBuildPhase;
			buildActionMask = 2147483647;
			files = (
				18B4356A21476B36006E1DB0 /* LaunchScreen.storyboard in Resources */,
				18B4356721476B36006E1DB0 /* Assets.xcassets in Resources */,
				18B4356521476B2F006E1DB0 /* Main.storyboard in Resources */,
			);
			runOnlyForDeploymentPostprocessing = 0;
		};
		18B4357021476B36006E1DB0 /* Resources */ = {
			isa = PBXResourcesBuildPhase;
			buildActionMask = 2147483647;
			files = (
			);
			runOnlyForDeploymentPostprocessing = 0;
		};
		18B4357B21476B36006E1DB0 /* Resources */ = {
			isa = PBXResourcesBuildPhase;
			buildActionMask = 2147483647;
			files = (
			);
			runOnlyForDeploymentPostprocessing = 0;
		};
/* End PBXResourcesBuildPhase section */

/* Begin PBXShellScriptBuildPhase section */
		05405FF8634E4476FBAC7D8B /* [CP] Copy Pods Resources */ = {
			isa = PBXShellScriptBuildPhase;
			buildActionMask = 2147483647;
			files = (
			);
			inputPaths = (
				"${SRCROOT}/Pods/Target Support Files/Pods-2-original-BT/Pods-2-original-BT-resources.sh",
				"${PODS_ROOT}/MBProgressHUD+JDragon/MBProgressHUD+JDragon/MBProgressHUD+JDragon.bundle",
				"${PODS_ROOT}/MJRefresh/MJRefresh/MJRefresh.bundle",
			);
			name = "[CP] Copy Pods Resources";
			outputPaths = (
				"${TARGET_BUILD_DIR}/${UNLOCALIZED_RESOURCES_FOLDER_PATH}/MBProgressHUD+JDragon.bundle",
				"${TARGET_BUILD_DIR}/${UNLOCALIZED_RESOURCES_FOLDER_PATH}/MJRefresh.bundle",
			);
			runOnlyForDeploymentPostprocessing = 0;
			shellPath = /bin/sh;
			shellScript = "\"${SRCROOT}/Pods/Target Support Files/Pods-2-original-BT/Pods-2-original-BT-resources.sh\"\n";
			showEnvVarsInLog = 0;
		};
		408EE4F08F35542842E37886 /* [CP] Check Pods Manifest.lock */ = {
			isa = PBXShellScriptBuildPhase;
			buildActionMask = 2147483647;
			files = (
			);
			inputPaths = (
				"${PODS_PODFILE_DIR_PATH}/Podfile.lock",
				"${PODS_ROOT}/Manifest.lock",
			);
			name = "[CP] Check Pods Manifest.lock";
			outputPaths = (
				"$(DERIVED_FILE_DIR)/Pods-2-original-BT-checkManifestLockResult.txt",
			);
			runOnlyForDeploymentPostprocessing = 0;
			shellPath = /bin/sh;
			shellScript = "diff \"${PODS_PODFILE_DIR_PATH}/Podfile.lock\" \"${PODS_ROOT}/Manifest.lock\" > /dev/null\nif [ $? != 0 ] ; then\n    # print error to STDERR\n    echo \"error: The sandbox is not in sync with the Podfile.lock. Run 'pod install' or update your CocoaPods installation.\" >&2\n    exit 1\nfi\n# This output is used by Xcode 'outputs' to avoid re-running this script phase.\necho \"SUCCESS\" > \"${SCRIPT_OUTPUT_FILE_0}\"\n";
			showEnvVarsInLog = 0;
		};
/* End PBXShellScriptBuildPhase section */

/* Begin PBXSourcesBuildPhase section */
		18B4355621476B2F006E1DB0 /* Sources */ = {
			isa = PBXSourcesBuildPhase;
			buildActionMask = 2147483647;
			files = (
				1879F45121478CC500024EB1 /* sessionSignal.m in Sources */,
				18B4356221476B2F006E1DB0 /* ViewController.m in Sources */,
				18B4356D21476B36006E1DB0 /* main.m in Sources */,
				18B4355F21476B2F006E1DB0 /* AppDelegate.m in Sources */,
			);
			runOnlyForDeploymentPostprocessing = 0;
		};
		18B4356E21476B36006E1DB0 /* Sources */ = {
			isa = PBXSourcesBuildPhase;
			buildActionMask = 2147483647;
			files = (
				18B4357721476B36006E1DB0 /* __original_BTTests.m in Sources */,
			);
			runOnlyForDeploymentPostprocessing = 0;
		};
		18B4357921476B36006E1DB0 /* Sources */ = {
			isa = PBXSourcesBuildPhase;
			buildActionMask = 2147483647;
			files = (
				18B4358221476B36006E1DB0 /* __original_BTUITests.m in Sources */,
			);
			runOnlyForDeploymentPostprocessing = 0;
		};
/* End PBXSourcesBuildPhase section */

/* Begin PBXTargetDependency section */
		18B4357421476B36006E1DB0 /* PBXTargetDependency */ = {
			isa = PBXTargetDependency;
			target = 18B4355921476B2F006E1DB0 /* 2-original-BT */;
			targetProxy = 18B4357321476B36006E1DB0 /* PBXContainerItemProxy */;
		};
		18B4357F21476B36006E1DB0 /* PBXTargetDependency */ = {
			isa = PBXTargetDependency;
			target = 18B4355921476B2F006E1DB0 /* 2-original-BT */;
			targetProxy = 18B4357E21476B36006E1DB0 /* PBXContainerItemProxy */;
		};
/* End PBXTargetDependency section */

/* Begin PBXVariantGroup section */
		18B4356321476B2F006E1DB0 /* Main.storyboard */ = {
			isa = PBXVariantGroup;
			children = (
				18B4356421476B2F006E1DB0 /* Base */,
			);
			name = Main.storyboard;
			sourceTree = "<group>";
		};
		18B4356821476B36006E1DB0 /* LaunchScreen.storyboard */ = {
			isa = PBXVariantGroup;
			children = (
				18B4356921476B36006E1DB0 /* Base */,
			);
			name = LaunchScreen.storyboard;
			sourceTree = "<group>";
		};
/* End PBXVariantGroup section */

/* Begin XCBuildConfiguration section */
		18B4358421476B36006E1DB0 /* Debug */ = {
			isa = XCBuildConfiguration;
			buildSettings = {
				ALWAYS_SEARCH_USER_PATHS = NO;
				CLANG_ANALYZER_NONNULL = YES;
				CLANG_ANALYZER_NUMBER_OBJECT_CONVERSION = YES_AGGRESSIVE;
				CLANG_CXX_LANGUAGE_STANDARD = "gnu++14";
				CLANG_CXX_LIBRARY = "libc++";
				CLANG_ENABLE_MODULES = YES;
				CLANG_ENABLE_OBJC_ARC = YES;
				CLANG_ENABLE_OBJC_WEAK = YES;
				CLANG_WARN_BLOCK_CAPTURE_AUTORELEASING = YES;
				CLANG_WARN_BOOL_CONVERSION = YES;
				CLANG_WARN_COMMA = YES;
				CLANG_WARN_CONSTANT_CONVERSION = YES;
				CLANG_WARN_DEPRECATED_OBJC_IMPLEMENTATIONS = YES;
				CLANG_WARN_DIRECT_OBJC_ISA_USAGE = YES_ERROR;
				CLANG_WARN_DOCUMENTATION_COMMENTS = YES;
				CLANG_WARN_EMPTY_BODY = YES;
				CLANG_WARN_ENUM_CONVERSION = YES;
				CLANG_WARN_INFINITE_RECURSION = YES;
				CLANG_WARN_INT_CONVERSION = YES;
				CLANG_WARN_NON_LITERAL_NULL_CONVERSION = YES;
				CLANG_WARN_OBJC_IMPLICIT_RETAIN_SELF = YES;
				CLANG_WARN_OBJC_LITERAL_CONVERSION = YES;
				CLANG_WARN_OBJC_ROOT_CLASS = YES_ERROR;
				CLANG_WARN_RANGE_LOOP_ANALYSIS = YES;
				CLANG_WARN_STRICT_PROTOTYPES = YES;
				CLANG_WARN_SUSPICIOUS_MOVE = YES;
				CLANG_WARN_UNGUARDED_AVAILABILITY = YES_AGGRESSIVE;
				CLANG_WARN_UNREACHABLE_CODE = YES;
				CLANG_WARN__DUPLICATE_METHOD_MATCH = YES;
				CODE_SIGN_IDENTITY = "iPhone Developer";
				COPY_PHASE_STRIP = NO;
				DEBUG_INFORMATION_FORMAT = dwarf;
				ENABLE_STRICT_OBJC_MSGSEND = YES;
				ENABLE_TESTABILITY = YES;
				GCC_C_LANGUAGE_STANDARD = gnu11;
				GCC_DYNAMIC_NO_PIC = NO;
				GCC_NO_COMMON_BLOCKS = YES;
				GCC_OPTIMIZATION_LEVEL = 0;
				GCC_PREPROCESSOR_DEFINITIONS = (
					"DEBUG=1",
					"$(inherited)",
				);
				GCC_WARN_64_TO_32_BIT_CONVERSION = YES;
				GCC_WARN_ABOUT_RETURN_TYPE = YES_ERROR;
				GCC_WARN_UNDECLARED_SELECTOR = YES;
				GCC_WARN_UNINITIALIZED_AUTOS = YES_AGGRESSIVE;
				GCC_WARN_UNUSED_FUNCTION = YES;
				GCC_WARN_UNUSED_VARIABLE = YES;
				IPHONEOS_DEPLOYMENT_TARGET = 11.4;
				MTL_ENABLE_DEBUG_INFO = YES;
				ONLY_ACTIVE_ARCH = YES;
				SDKROOT = iphoneos;
			};
			name = Debug;
		};
		18B4358521476B36006E1DB0 /* Release */ = {
			isa = XCBuildConfiguration;
			buildSettings = {
				ALWAYS_SEARCH_USER_PATHS = NO;
				CLANG_ANALYZER_NONNULL = YES;
				CLANG_ANALYZER_NUMBER_OBJECT_CONVERSION = YES_AGGRESSIVE;
				CLANG_CXX_LANGUAGE_STANDARD = "gnu++14";
				CLANG_CXX_LIBRARY = "libc++";
				CLANG_ENABLE_MODULES = YES;
				CLANG_ENABLE_OBJC_ARC = YES;
				CLANG_ENABLE_OBJC_WEAK = YES;
				CLANG_WARN_BLOCK_CAPTURE_AUTORELEASING = YES;
				CLANG_WARN_BOOL_CONVERSION = YES;
				CLANG_WARN_COMMA = YES;
				CLANG_WARN_CONSTANT_CONVERSION = YES;
				CLANG_WARN_DEPRECATED_OBJC_IMPLEMENTATIONS = YES;
				CLANG_WARN_DIRECT_OBJC_ISA_USAGE = YES_ERROR;
				CLANG_WARN_DOCUMENTATION_COMMENTS = YES;
				CLANG_WARN_EMPTY_BODY = YES;
				CLANG_WARN_ENUM_CONVERSION = YES;
				CLANG_WARN_INFINITE_RECURSION = YES;
				CLANG_WARN_INT_CONVERSION = YES;
				CLANG_WARN_NON_LITERAL_NULL_CONVERSION = YES;
				CLANG_WARN_OBJC_IMPLICIT_RETAIN_SELF = YES;
				CLANG_WARN_OBJC_LITERAL_CONVERSION = YES;
				CLANG_WARN_OBJC_ROOT_CLASS = YES_ERROR;
				CLANG_WARN_RANGE_LOOP_ANALYSIS = YES;
				CLANG_WARN_STRICT_PROTOTYPES = YES;
				CLANG_WARN_SUSPICIOUS_MOVE = YES;
				CLANG_WARN_UNGUARDED_AVAILABILITY = YES_AGGRESSIVE;
				CLANG_WARN_UNREACHABLE_CODE = YES;
				CLANG_WARN__DUPLICATE_METHOD_MATCH = YES;
				CODE_SIGN_IDENTITY = "iPhone Developer";
				COPY_PHASE_STRIP = NO;
				DEBUG_INFORMATION_FORMAT = "dwarf-with-dsym";
				ENABLE_NS_ASSERTIONS = NO;
				ENABLE_STRICT_OBJC_MSGSEND = YES;
				GCC_C_LANGUAGE_STANDARD = gnu11;
				GCC_NO_COMMON_BLOCKS = YES;
				GCC_WARN_64_TO_32_BIT_CONVERSION = YES;
				GCC_WARN_ABOUT_RETURN_TYPE = YES_ERROR;
				GCC_WARN_UNDECLARED_SELECTOR = YES;
				GCC_WARN_UNINITIALIZED_AUTOS = YES_AGGRESSIVE;
				GCC_WARN_UNUSED_FUNCTION = YES;
				GCC_WARN_UNUSED_VARIABLE = YES;
				IPHONEOS_DEPLOYMENT_TARGET = 11.4;
				MTL_ENABLE_DEBUG_INFO = NO;
				SDKROOT = iphoneos;
				VALIDATE_PRODUCT = YES;
			};
			name = Release;
		};
		18B4358721476B36006E1DB0 /* Debug */ = {
			isa = XCBuildConfiguration;
			baseConfigurationReference = E5FEA5E8F821A452C2FC6566 /* Pods-2-original-BT.debug.xcconfig */;
			buildSettings = {
				ASSETCATALOG_COMPILER_APPICON_NAME = AppIcon;
				CODE_SIGN_STYLE = Automatic;
				DEVELOPMENT_TEAM = YVL56SPWWJ;
				GCC_PRECOMPILE_PREFIX_HEADER = YES;
				GCC_PREFIX_HEADER = "2-original-BT/PrefixHeader.pch";
				INFOPLIST_FILE = "2-original-BT/Info.plist";
				IPHONEOS_DEPLOYMENT_TARGET = 9.3;
				LD_RUNPATH_SEARCH_PATHS = (
					"$(inherited)",
					"@executable_path/Frameworks",
				);
				PRODUCT_BUNDLE_IDENTIFIER = "com.dong.--original-BT";
				PRODUCT_NAME = "$(TARGET_NAME)";
				TARGETED_DEVICE_FAMILY = 1;
			};
			name = Debug;
		};
		18B4358821476B36006E1DB0 /* Release */ = {
			isa = XCBuildConfiguration;
			baseConfigurationReference = 2E9144C44C14EFD35F23ABDC /* Pods-2-original-BT.release.xcconfig */;
			buildSettings = {
				ASSETCATALOG_COMPILER_APPICON_NAME = AppIcon;
				CODE_SIGN_STYLE = Automatic;
				DEVELOPMENT_TEAM = YVL56SPWWJ;
				GCC_PRECOMPILE_PREFIX_HEADER = YES;
				GCC_PREFIX_HEADER = "2-original-BT/PrefixHeader.pch";
				INFOPLIST_FILE = "2-original-BT/Info.plist";
				IPHONEOS_DEPLOYMENT_TARGET = 9.3;
				LD_RUNPATH_SEARCH_PATHS = (
					"$(inherited)",
					"@executable_path/Frameworks",
				);
				PRODUCT_BUNDLE_IDENTIFIER = "com.dong.--original-BT";
				PRODUCT_NAME = "$(TARGET_NAME)";
				TARGETED_DEVICE_FAMILY = 1;
			};
			name = Release;
		};
		18B4358A21476B36006E1DB0 /* Debug */ = {
			isa = XCBuildConfiguration;
			buildSettings = {
				BUNDLE_LOADER = "$(TEST_HOST)";
				CODE_SIGN_STYLE = Automatic;
				DEVELOPMENT_TEAM = YVL56SPWWJ;
				INFOPLIST_FILE = "2-original-BTTests/Info.plist";
				LD_RUNPATH_SEARCH_PATHS = (
					"$(inherited)",
					"@executable_path/Frameworks",
					"@loader_path/Frameworks",
				);
				PRODUCT_BUNDLE_IDENTIFIER = "com.dong.--original-BTTests";
				PRODUCT_NAME = "$(TARGET_NAME)";
				TARGETED_DEVICE_FAMILY = "1,2";
				TEST_HOST = "$(BUILT_PRODUCTS_DIR)/2-original-BT.app/2-original-BT";
			};
			name = Debug;
		};
		18B4358B21476B36006E1DB0 /* Release */ = {
			isa = XCBuildConfiguration;
			buildSettings = {
				BUNDLE_LOADER = "$(TEST_HOST)";
				CODE_SIGN_STYLE = Automatic;
				DEVELOPMENT_TEAM = YVL56SPWWJ;
				INFOPLIST_FILE = "2-original-BTTests/Info.plist";
				LD_RUNPATH_SEARCH_PATHS = (
					"$(inherited)",
					"@executable_path/Frameworks",
					"@loader_path/Frameworks",
				);
				PRODUCT_BUNDLE_IDENTIFIER = "com.dong.--original-BTTests";
				PRODUCT_NAME = "$(TARGET_NAME)";
				TARGETED_DEVICE_FAMILY = "1,2";
				TEST_HOST = "$(BUILT_PRODUCTS_DIR)/2-original-BT.app/2-original-BT";
			};
			name = Release;
		};
		18B4358D21476B36006E1DB0 /* Debug */ = {
			isa = XCBuildConfiguration;
			buildSettings = {
				CODE_SIGN_STYLE = Automatic;
				DEVELOPMENT_TEAM = YVL56SPWWJ;
				INFOPLIST_FILE = "2-original-BTUITests/Info.plist";
				LD_RUNPATH_SEARCH_PATHS = (
					"$(inherited)",
					"@executable_path/Frameworks",
					"@loader_path/Frameworks",
				);
				PRODUCT_BUNDLE_IDENTIFIER = "com.dong.--original-BTUITests";
				PRODUCT_NAME = "$(TARGET_NAME)";
				TARGETED_DEVICE_FAMILY = "1,2";
				TEST_TARGET_NAME = "2-original-BT";
			};
			name = Debug;
		};
		18B4358E21476B36006E1DB0 /* Release */ = {
			isa = XCBuildConfiguration;
			buildSettings = {
				CODE_SIGN_STYLE = Automatic;
				DEVELOPMENT_TEAM = YVL56SPWWJ;
				INFOPLIST_FILE = "2-original-BTUITests/Info.plist";
				LD_RUNPATH_SEARCH_PATHS = (
					"$(inherited)",
					"@executable_path/Frameworks",
					"@loader_path/Frameworks",
				);
				PRODUCT_BUNDLE_IDENTIFIER = "com.dong.--original-BTUITests";
				PRODUCT_NAME = "$(TARGET_NAME)";
				TARGETED_DEVICE_FAMILY = "1,2";
				TEST_TARGET_NAME = "2-original-BT";
			};
			name = Release;
		};
/* End XCBuildConfiguration section */

/* Begin XCConfigurationList section */
		18B4355521476B2F006E1DB0 /* Build configuration list for PBXProject "2-original-BT" */ = {
			isa = XCConfigurationList;
			buildConfigurations = (
				18B4358421476B36006E1DB0 /* Debug */,
				18B4358521476B36006E1DB0 /* Release */,
			);
			defaultConfigurationIsVisible = 0;
			defaultConfigurationName = Release;
		};
		18B4358621476B36006E1DB0 /* Build configuration list for PBXNativeTarget "2-original-BT" */ = {
			isa = XCConfigurationList;
			buildConfigurations = (
				18B4358721476B36006E1DB0 /* Debug */,
				18B4358821476B36006E1DB0 /* Release */,
			);
			defaultConfigurationIsVisible = 0;
			defaultConfigurationName = Release;
		};
		18B4358921476B36006E1DB0 /* Build configuration list for PBXNativeTarget "2-original-BTTests" */ = {
			isa = XCConfigurationList;
			buildConfigurations = (
				18B4358A21476B36006E1DB0 /* Debug */,
				18B4358B21476B36006E1DB0 /* Release */,
			);
			defaultConfigurationIsVisible = 0;
			defaultConfigurationName = Release;
		};
		18B4358C21476B36006E1DB0 /* Build configuration list for PBXNativeTarget "2-original-BTUITests" */ = {
			isa = XCConfigurationList;
			buildConfigurations = (
				18B4358D21476B36006E1DB0 /* Debug */,
				18B4358E21476B36006E1DB0 /* Release */,
			);
			defaultConfigurationIsVisible = 0;
			defaultConfigurationName = Release;
		};
/* End XCConfigurationList section */
	};
	rootObject = 18B4355221476B2F006E1DB0 /* Project object */;
}
